
Microsoft Visual Studio Solution File, Format Version 12.00
# Visual Studio Version 17
VisualStudioVersion = 17.11.35303.130
MinimumVisualStudioVersion = 10.0.40219.1
Project("{FAE04EC0-301F-11D3-BF4B-00C04F79EFBC}") = "TradingCardsA3", "TradingCardsA3\TradingCardsA3.csproj", "{82730D69-5C27-4452-B326-520CBE55D154}"
EndProject
Global
	GlobalSection(SolutionConfigurationPlatforms) = preSolution
		Debug|Any CPU = Debug|Any CPU
		Release|Any CPU = Release|Any CPU
	EndGlobalSection
	GlobalSection(ProjectConfigurationPlatforms) = postSolution
		{82730D69-5C27-4452-B326-520CBE55D154}.Debug|Any CPU.ActiveCfg = Debug|Any CPU
		{82730D69-5C27-4452-B326-520CBE55D154}.Debug|Any CPU.Build.0 = Debug|Any CPU
		{82730D69-5C27-4452-B326-520CBE55D154}.Release|Any CPU.ActiveCfg = Release|Any CPU
		{82730D69-5C27-4452-B326-520CBE55D154}.Release|Any CPU.Build.0 = Release|Any CPU
	EndGlobalSection
	GlobalSection(SolutionProperties) = preSolution
		HideSolutionNode = FALSE
	EndGlobalSection
	GlobalSection(ExtensibilityGlobals) = postSolution
		SolutionGuid = {61F2E737-DE33-435F-912B-C2B2FAB8858B}
	EndGlobalSection
EndGlobal
